
Microsoft Visual Studio Solution File, Format Version 12.00
# Visual Studio Version 17
VisualStudioVersion = 17.2.32630.192
MinimumVisualStudioVersion = 10.0.40219.1
Project("{8BC9CEB8-8B4A-11D0-8D11-00A0C91BC942}") = "Alime", "Alime\Alime.vcxproj", "{6685199B-DD12-4B6B-BB8F-7EDCD6A594FB}"
EndProject
Project("{8BC9CEB8-8B4A-11D0-8D11-00A0C91BC942}") = "Alime_UnitTest", "Alime_UnitTest\Alime_UnitTest.vcxproj", "{6250B905-E04F-4110-8FC7-1949BCFB13F7}"
EndProject
Project("{8BC9CEB8-8B4A-11D0-8D11-00A0C91BC942}") = "ubuntu", "ubuntu\ubuntu.vcxproj", "{5BF2CDBA-A52B-49F2-8B48-1412FD15041D}"
EndProject
Global
	GlobalSection(SolutionConfigurationPlatforms) = preSolution
		Debug|ARM = Debug|ARM
		Debug|ARM64 = Debug|ARM64
		Debug|x64 = Debug|x64
		Debug|x86 = Debug|x86
		Release|ARM = Release|ARM
		Release|ARM64 = Release|ARM64
		Release|x64 = Release|x64
		Release|x86 = Release|x86
	EndGlobalSection
	GlobalSection(ProjectConfigurationPlatforms) = postSolution
		{6685199B-DD12-4B6B-BB8F-7EDCD6A594FB}.Debug|ARM.ActiveCfg = Debug|Win32
		{6685199B-DD12-4B6B-BB8F-7EDCD6A594FB}.Debug|ARM64.ActiveCfg = Debug|Win32
		{6685199B-DD12-4B6B-BB8F-7EDCD6A594FB}.Debug|x64.ActiveCfg = Debug|x64
		{6685199B-DD12-4B6B-BB8F-7EDCD6A594FB}.Debug|x64.Build.0 = Debug|x64
		{6685199B-DD12-4B6B-BB8F-7EDCD6A594FB}.Debug|x86.ActiveCfg = Debug|Win32
		{6685199B-DD12-4B6B-BB8F-7EDCD6A594FB}.Debug|x86.Build.0 = Debug|Win32
		{6685199B-DD12-4B6B-BB8F-7EDCD6A594FB}.Release|ARM.ActiveCfg = Release|Win32
		{6685199B-DD12-4B6B-BB8F-7EDCD6A594FB}.Release|ARM64.ActiveCfg = Release|Win32
		{6685199B-DD12-4B6B-BB8F-7EDCD6A594FB}.Release|x64.ActiveCfg = Release|x64
		{6685199B-DD12-4B6B-BB8F-7EDCD6A594FB}.Release|x64.Build.0 = Release|x64
		{6685199B-DD12-4B6B-BB8F-7EDCD6A594FB}.Release|x86.ActiveCfg = Release|Win32
		{6685199B-DD12-4B6B-BB8F-7EDCD6A594FB}.Release|x86.Build.0 = Release|Win32
		{6250B905-E04F-4110-8FC7-1949BCFB13F7}.Debug|ARM.ActiveCfg = Debug|Win32
		{6250B905-E04F-4110-8FC7-1949BCFB13F7}.Debug|ARM64.ActiveCfg = Debug|Win32
		{6250B905-E04F-4110-8FC7-1949BCFB13F7}.Debug|x64.ActiveCfg = Debug|x64
		{6250B905-E04F-4110-8FC7-1949BCFB13F7}.Debug|x64.Build.0 = Debug|x64
		{6250B905-E04F-4110-8FC7-1949BCFB13F7}.Debug|x86.ActiveCfg = Debug|Win32
		{6250B905-E04F-4110-8FC7-1949BCFB13F7}.Debug|x86.Build.0 = Debug|Win32
		{6250B905-E04F-4110-8FC7-1949BCFB13F7}.Release|ARM.ActiveCfg = Release|Win32
		{6250B905-E04F-4110-8FC7-1949BCFB13F7}.Release|ARM64.ActiveCfg = Release|Win32
		{6250B905-E04F-4110-8FC7-1949BCFB13F7}.Release|x64.ActiveCfg = Release|x64
		{6250B905-E04F-4110-8FC7-1949BCFB13F7}.Release|x64.Build.0 = Release|x64
		{6250B905-E04F-4110-8FC7-1949BCFB13F7}.Release|x86.ActiveCfg = Release|Win32
		{6250B905-E04F-4110-8FC7-1949BCFB13F7}.Release|x86.Build.0 = Release|Win32
		{5BF2CDBA-A52B-49F2-8B48-1412FD15041D}.Debug|ARM.ActiveCfg = Debug|ARM
		{5BF2CDBA-A52B-49F2-8B48-1412FD15041D}.Debug|ARM.Build.0 = Debug|ARM
		{5BF2CDBA-A52B-49F2-8B48-1412FD15041D}.Debug|ARM.Deploy.0 = Debug|ARM
		{5BF2CDBA-A52B-49F2-8B48-1412FD15041D}.Debug|ARM64.ActiveCfg = Debug|ARM64
		{5BF2CDBA-A52B-49F2-8B48-1412FD15041D}.Debug|ARM64.Build.0 = Debug|ARM64
		{5BF2CDBA-A52B-49F2-8B48-1412FD15041D}.Debug|ARM64.Deploy.0 = Debug|ARM64
		{5BF2CDBA-A52B-49F2-8B48-1412FD15041D}.Debug|x64.ActiveCfg = Debug|x64
		{5BF2CDBA-A52B-49F2-8B48-1412FD15041D}.Debug|x64.Build.0 = Debug|x64
		{5BF2CDBA-A52B-49F2-8B48-1412FD15041D}.Debug|x64.Deploy.0 = Debug|x64
		{5BF2CDBA-A52B-49F2-8B48-1412FD15041D}.Debug|x86.ActiveCfg = Debug|x86
		{5BF2CDBA-A52B-49F2-8B48-1412FD15041D}.Debug|x86.Build.0 = Debug|x86
		{5BF2CDBA-A52B-49F2-8B48-1412FD15041D}.Debug|x86.Deploy.0 = Debug|x86
		{5BF2CDBA-A52B-49F2-8B48-1412FD15041D}.Release|ARM.ActiveCfg = Release|ARM
		{5BF2CDBA-A52B-49F2-8B48-1412FD15041D}.Release|ARM.Build.0 = Release|ARM
		{5BF2CDBA-A52B-49F2-8B48-1412FD15041D}.Release|ARM.Deploy.0 = Release|ARM
		{5BF2CDBA-A52B-49F2-8B48-1412FD15041D}.Release|ARM64.ActiveCfg = Release|ARM64
		{5BF2CDBA-A52B-49F2-8B48-1412FD15041D}.Release|ARM64.Build.0 = Release|ARM64
		{5BF2CDBA-A52B-49F2-8B48-1412FD15041D}.Release|ARM64.Deploy.0 = Release|ARM64
		{5BF2CDBA-A52B-49F2-8B48-1412FD15041D}.Release|x64.ActiveCfg = Release|x64
		{5BF2CDBA-A52B-49F2-8B48-1412FD15041D}.Release|x64.Build.0 = Release|x64
		{5BF2CDBA-A52B-49F2-8B48-1412FD15041D}.Release|x64.Deploy.0 = Release|x64
		{5BF2CDBA-A52B-49F2-8B48-1412FD15041D}.Release|x86.ActiveCfg = Release|x86
		{5BF2CDBA-A52B-49F2-8B48-1412FD15041D}.Release|x86.Build.0 = Release|x86
		{5BF2CDBA-A52B-49F2-8B48-1412FD15041D}.Release|x86.Deploy.0 = Release|x86
	EndGlobalSection
	GlobalSection(SolutionProperties) = preSolution
		HideSolutionNode = FALSE
	EndGlobalSection
	GlobalSection(ExtensibilityGlobals) = postSolution
		SolutionGuid = {2616A9FB-7ECF-4612-9EB4-CEB8B47D6AC7}
	EndGlobalSection
EndGlobal
