<?xml version="1.0" encoding="utf-8"?>
<Project ToolsVersion="4.0" xmlns="http://schemas.microsoft.com/developer/msbuild/2003">
  <ItemGroup>
    <Filter Include="源文件">
      <UniqueIdentifier>{4FC737F1-C7A5-4376-A066-2A32D752A2FF}</UniqueIdentifier>
      <Extensions>cpp;c;cc;cxx;c++;def;odl;idl;hpj;bat;asm;asmx</Extensions>
    </Filter>
    <Filter Include="头文件">
      <UniqueIdentifier>{93995380-89BD-4b04-88EB-625FBE52EBFB}</UniqueIdentifier>
      <Extensions>h;hh;hpp;hxx;h++;hm;inl;inc;ipp;xsd</Extensions>
    </Filter>
    <Filter Include="资源文件">
      <UniqueIdentifier>{67DA6AB6-F800-4c08-8B7A-83BB121AAD01}</UniqueIdentifier>
      <Extensions>rc;ico;cur;bmp;dlg;rc2;rct;bin;rgs;gif;jpg;jpeg;jpe;resx;tiff;tif;png;wav;mfcribbon-ms</Extensions>
    </Filter>
  </ItemGroup>
  <ItemGroup>
    <ClCompile Include="Alime.cpp">
      <Filter>源文件</Filter>
    </ClCompile>
    <ClCompile Include="Alime\base\strings\string_util.cpp">
      <Filter>源文件</Filter>
    </ClCompile>
    <ClCompile Include="Alime\base\third_party\convert_utf\ConvertUTF.c">
      <Filter>源文件</Filter>
    </ClCompile>
    <ClCompile Include="Alime\base\strings\string_conversions.cpp">
      <Filter>源文件</Filter>
    </ClCompile>
    <ClCompile Include="Alime\base\third_party\double-conversion\bignum.cc">
      <Filter>源文件</Filter>
    </ClCompile>
    <ClCompile Include="Alime\base\third_party\double-conversion\bignum-dtoa.cc">
      <Filter>源文件</Filter>
    </ClCompile>
    <ClCompile Include="Alime\base\third_party\double-conversion\cached-powers.cc">
      <Filter>源文件</Filter>
    </ClCompile>
    <ClCompile Include="Alime\base\third_party\double-conversion\double-to-string.cc">
      <Filter>源文件</Filter>
    </ClCompile>
    <ClCompile Include="Alime\base\third_party\double-conversion\fast-dtoa.cc">
      <Filter>源文件</Filter>
    </ClCompile>
    <ClCompile Include="Alime\base\third_party\double-conversion\fixed-dtoa.cc">
      <Filter>源文件</Filter>
    </ClCompile>
    <ClCompile Include="Alime\base\third_party\double-conversion\string-to-double.cc">
      <Filter>源文件</Filter>
    </ClCompile>
    <ClCompile Include="Alime\base\third_party\double-conversion\strtod.cc">
      <Filter>源文件</Filter>
    </ClCompile>
    <ClCompile Include="Alime\base\details\string_constants.h">
      <Filter>源文件</Filter>
    </ClCompile>
    <ClCompile Include="Alime\base\details\windows\IteratorHelper.cpp">
      <Filter>源文件</Filter>
    </ClCompile>
    <ClCompile Include="Alime\base\details\windows\win32_utility.cpp">
      <Filter>源文件</Filter>
    </ClCompile>
    <ClCompile Include="Alime\base\fileSystem\file.cpp">
      <Filter>源文件</Filter>
    </ClCompile>
    <ClCompile Include="Alime\base\fileSystem\file_util.cpp">
      <Filter>源文件</Filter>
    </ClCompile>
    <ClCompile Include="Alime\base\fileSystem\filePath.cpp">
      <Filter>源文件</Filter>
    </ClCompile>
    <ClCompile Include="Alime\base\fileSystem\FileStream.cpp">
      <Filter>源文件</Filter>
    </ClCompile>
    <ClCompile Include="Alime\base\fileSystem\MemoryStream.cpp">
      <Filter>源文件</Filter>
    </ClCompile>
  </ItemGroup>
  <ItemGroup>
    <ClInclude Include="Alime\base\strings\string_util.h">
      <Filter>头文件</Filter>
    </ClInclude>
    <ClInclude Include="Alime\base\strings\unicode.h">
      <Filter>头文件</Filter>
    </ClInclude>
    <ClInclude Include="Alime\base\build_config.h">
      <Filter>头文件</Filter>
    </ClInclude>
    <ClInclude Include="Alime\base\macros.h">
      <Filter>头文件</Filter>
    </ClInclude>
    <ClInclude Include="Alime\base\compiler_specific.h">
      <Filter>头文件</Filter>
    </ClInclude>
    <ClInclude Include="Alime\base\base_export.h">
      <Filter>头文件</Filter>
    </ClInclude>
    <ClInclude Include="Alime\base\third_party\convert_utf\ConvertUTF.h">
      <Filter>头文件</Filter>
    </ClInclude>
    <ClInclude Include="Alime\base\strings\string_conversions.h">
      <Filter>头文件</Filter>
    </ClInclude>
    <ClInclude Include="Alime\base\details\windows\xp_style_manifest_win.h">
      <Filter>头文件</Filter>
    </ClInclude>
    <ClInclude Include="Alime\base\details\windows\winsdk_config.h">
      <Filter>头文件</Filter>
    </ClInclude>
    <ClInclude Include="Alime\base\details\conv.h">
      <Filter>头文件</Filter>
    </ClInclude>
    <ClInclude Include="Alime\base\third_party\double-conversion\bignum.h">
      <Filter>头文件</Filter>
    </ClInclude>
    <ClInclude Include="Alime\base\third_party\double-conversion\bignum-dtoa.h">
      <Filter>头文件</Filter>
    </ClInclude>
    <ClInclude Include="Alime\base\third_party\double-conversion\cached-powers.h">
      <Filter>头文件</Filter>
    </ClInclude>
    <ClInclude Include="Alime\base\third_party\double-conversion\diy-fp.h">
      <Filter>头文件</Filter>
    </ClInclude>
    <ClInclude Include="Alime\base\third_party\double-conversion\double-conversion.h">
      <Filter>头文件</Filter>
    </ClInclude>
    <ClInclude Include="Alime\base\third_party\double-conversion\double-to-string.h">
      <Filter>头文件</Filter>
    </ClInclude>
    <ClInclude Include="Alime\base\third_party\double-conversion\fast-dtoa.h">
      <Filter>头文件</Filter>
    </ClInclude>
    <ClInclude Include="Alime\base\third_party\double-conversion\fixed-dtoa.h">
      <Filter>头文件</Filter>
    </ClInclude>
    <ClInclude Include="Alime\base\third_party\double-conversion\ieee.h">
      <Filter>头文件</Filter>
    </ClInclude>
    <ClInclude Include="Alime\base\third_party\double-conversion\string-to-double.h">
      <Filter>头文件</Filter>
    </ClInclude>
    <ClInclude Include="Alime\base\third_party\double-conversion\strtod.h">
      <Filter>头文件</Filter>
    </ClInclude>
    <ClInclude Include="Alime\base\third_party\double-conversion\utils.h">
      <Filter>头文件</Filter>
    </ClInclude>
    <ClInclude Include="Alime\base\details\string_tokenizer.h">
      <Filter>头文件</Filter>
    </ClInclude>
    <ClInclude Include="Alime\base\details\string_util_details.h">
      <Filter>头文件</Filter>
    </ClInclude>
    <ClInclude Include="Alime\base\copyable.h">
      <Filter>头文件</Filter>
    </ClInclude>
    <ClInclude Include="Alime\base\notCopyable.h">
      <Filter>头文件</Filter>
    </ClInclude>
    <ClInclude Include="Alime\base\details\windows\windowIterator.h">
      <Filter>头文件</Filter>
    </ClInclude>
    <ClInclude Include="Alime\base\details\windows\IteratorHelper.h">
      <Filter>头文件</Filter>
    </ClInclude>
    <ClInclude Include="Alime\base\details\windows\processIterator.h">
      <Filter>头文件</Filter>
    </ClInclude>
    <ClInclude Include="Alime\base\details\windows\win32_utility.h">
      <Filter>头文件</Filter>
    </ClInclude>
    <ClInclude Include="Alime\base\exceptionBase.h">
      <Filter>头文件</Filter>
    </ClInclude>
    <ClInclude Include="Alime\base\fileSystem\MemoryStream.h">
      <Filter>头文件</Filter>
    </ClInclude>
    <ClInclude Include="Alime\base\fileSystem\file.h">
      <Filter>头文件</Filter>
    </ClInclude>
    <ClInclude Include="Alime\base\fileSystem\file_define.h">
      <Filter>头文件</Filter>
    </ClInclude>
    <ClInclude Include="Alime\base\fileSystem\file_util.h">
      <Filter>头文件</Filter>
    </ClInclude>
    <ClInclude Include="Alime\base\fileSystem\filePath.h">
      <Filter>头文件</Filter>
    </ClInclude>
    <ClInclude Include="Alime\base\fileSystem\FileStream.h">
      <Filter>头文件</Filter>
    </ClInclude>
    <ClInclude Include="Alime\base\fileSystem\folder.h">
      <Filter>头文件</Filter>
    </ClInclude>
    <ClInclude Include="Alime\base\fileSystem\IStream.h">
      <Filter>头文件</Filter>
    </ClInclude>
  </ItemGroup>
</Project>